
Microsoft Visual Studio Solution File, Format Version 12.00
# Visual Studio Version 16
VisualStudioVersion = 16.0.31112.23
MinimumVisualStudioVersion = 10.0.40219.1
Project("{FAE04EC0-301F-11D3-BF4B-00C04F79EFBC}") = "Dosyaİslemleri", "Dosyaİslemleri.csproj", "{BB2545D0-DC93-4689-B1D4-2EB3D527230C}"
EndProject
Global
	GlobalSection(SolutionConfigurationPlatforms) = preSolution
		Debug|Any CPU = Debug|Any CPU
		Release|Any CPU = Release|Any CPU
	EndGlobalSection
	GlobalSection(ProjectConfigurationPlatforms) = postSolution
		{BB2545D0-DC93-4689-B1D4-2EB3D527230C}.Debug|Any CPU.ActiveCfg = Debug|Any CPU
		{BB2545D0-DC93-4689-B1D4-2EB3D527230C}.Debug|Any CPU.Build.0 = Debug|Any CPU
		{BB2545D0-DC93-4689-B1D4-2EB3D527230C}.Release|Any CPU.ActiveCfg = Release|Any CPU
		{BB2545D0-DC93-4689-B1D4-2EB3D527230C}.Release|Any CPU.Build.0 = Release|Any CPU
	EndGlobalSection
	GlobalSection(SolutionProperties) = preSolution
		HideSolutionNode = FALSE
	EndGlobalSection
	GlobalSection(ExtensibilityGlobals) = postSolution
		SolutionGuid = {B53C170A-38CB-4FFA-8FC0-43C8CDFD464F}
	EndGlobalSection
EndGlobal
